Microsoft Visual Studio Solution File, Format Version 12.00
# Visual Studio 2012
Project("{FAE04EC0-301F-11D3-BF4B-00C04F79EFBC}") = "Koto", "Koto.csproj", "{A41046AD-FB22-4A10-A3FC-BAB9C88E18A9}"
EndProject
Global
	GlobalSection(SolutionConfigurationPlatforms) = preSolution
	Debug|Any CPU = Debug|Any CPU
	ExportDebug|Any CPU = ExportDebug|Any CPU
	ExportRelease|Any CPU = ExportRelease|Any CPU
	EndGlobalSection
	GlobalSection(ProjectConfigurationPlatforms) = postSolution
		{A41046AD-FB22-4A10-A3FC-BAB9C88E18A9}.Debug|Any CPU.ActiveCfg = Debug|Any CPU
		{A41046AD-FB22-4A10-A3FC-BAB9C88E18A9}.Debug|Any CPU.Build.0 = Debug|Any CPU
		{A41046AD-FB22-4A10-A3FC-BAB9C88E18A9}.ExportDebug|Any CPU.ActiveCfg = ExportDebug|Any CPU
		{A41046AD-FB22-4A10-A3FC-BAB9C88E18A9}.ExportDebug|Any CPU.Build.0 = ExportDebug|Any CPU
		{A41046AD-FB22-4A10-A3FC-BAB9C88E18A9}.ExportRelease|Any CPU.ActiveCfg = ExportRelease|Any CPU
		{A41046AD-FB22-4A10-A3FC-BAB9C88E18A9}.ExportRelease|Any CPU.Build.0 = ExportRelease|Any CPU
	EndGlobalSection
EndGlobal
